
Microsoft Visual Studio Solution File, Format Version 12.00
# Visual Studio Version 16
VisualStudioVersion = 16.0.30011.22
MinimumVisualStudioVersion = 10.0.40219.1
Project("{FAE04EC0-301F-11D3-BF4B-00C04F79EFBC}") = "ConsoleApp", "ConsoleApp\ConsoleApp.csproj", "{FECAC958-CAFC-4DFA-ABCB-594226C6270F}"
EndProject
Project("{FAE04EC0-301F-11D3-BF4B-00C04F79EFBC}") = "ReadSerialPort_1", "ReadSerialPort_1\ReadSerialPort_1.csproj", "{FE02F207-AD0D-4001-AB79-CA15A59DBC45}"
EndProject
Global
	GlobalSection(SolutionConfigurationPlatforms) = preSolution
		Debug|Any CPU = Debug|Any CPU
		Release|Any CPU = Release|Any CPU
	EndGlobalSection
	GlobalSection(ProjectConfigurationPlatforms) = postSolution
		{FECAC958-CAFC-4DFA-ABCB-594226C6270F}.Debug|Any CPU.ActiveCfg = Debug|Any CPU
		{FECAC958-CAFC-4DFA-ABCB-594226C6270F}.Debug|Any CPU.Build.0 = Debug|Any CPU
		{FECAC958-CAFC-4DFA-ABCB-594226C6270F}.Release|Any CPU.ActiveCfg = Release|Any CPU
		{FECAC958-CAFC-4DFA-ABCB-594226C6270F}.Release|Any CPU.Build.0 = Release|Any CPU
		{FE02F207-AD0D-4001-AB79-CA15A59DBC45}.Debug|Any CPU.ActiveCfg = Debug|Any CPU
		{FE02F207-AD0D-4001-AB79-CA15A59DBC45}.Debug|Any CPU.Build.0 = Debug|Any CPU
		{FE02F207-AD0D-4001-AB79-CA15A59DBC45}.Release|Any CPU.ActiveCfg = Release|Any CPU
		{FE02F207-AD0D-4001-AB79-CA15A59DBC45}.Release|Any CPU.Build.0 = Release|Any CPU
	EndGlobalSection
	GlobalSection(SolutionProperties) = preSolution
		HideSolutionNode = FALSE
	EndGlobalSection
	GlobalSection(ExtensibilityGlobals) = postSolution
		SolutionGuid = {41F64F0F-7433-4E83-BAC5-7852F31945B7}
	EndGlobalSection
EndGlobal
