
Microsoft Visual Studio Solution File, Format Version 12.00
# Visual Studio Version 16
VisualStudioVersion = 16.0.30011.22
MinimumVisualStudioVersion = 10.0.40219.1
Project("{FAE04EC0-301F-11D3-BF4B-00C04F79EFBC}") = "Keyword_Yield", "Keyword_Yield\Keyword_Yield.csproj", "{24C4A8AA-D33F-4515-B4B2-427A0C738D0E}"
EndProject
Project("{FAE04EC0-301F-11D3-BF4B-00C04F79EFBC}") = "QueryableProvider", "QueryableProvider\QueryableProvider.csproj", "{D2F9C971-8A1D-437D-BA78-18E37A01F3A2}"
EndProject
Project("{FAE04EC0-301F-11D3-BF4B-00C04F79EFBC}") = "Interface_IEnumerable", "Interface_IEnumerable\Interface_IEnumerable.csproj", "{0BF06B58-6F46-4CC8-855A-E774EDE02502}"
EndProject
Project("{FAE04EC0-301F-11D3-BF4B-00C04F79EFBC}") = "Keyword_Delegate", "Keyboard_Delegate\Keyword_Delegate.csproj", "{0300BA11-820F-4FBA-8A3C-12A25196294E}"
EndProject
Project("{FAE04EC0-301F-11D3-BF4B-00C04F79EFBC}") = "Keyword_Tuple", "Keyword_Tuple\Keyword_Tuple.csproj", "{F0C6F221-0D85-4C81-856E-E9E421B9B3A5}"
EndProject
Project("{FAE04EC0-301F-11D3-BF4B-00C04F79EFBC}") = "Lambda", "Lambda\Lambda.csproj", "{8BD57D18-8FDB-4E89-B9BD-E800275D7A35}"
EndProject
Project("{FAE04EC0-301F-11D3-BF4B-00C04F79EFBC}") = "ExpressionTree", "ExpressionTree\ExpressionTree.csproj", "{5B4A8E13-46DE-424F-BB8C-7E9BD326CD21}"
EndProject
Project("{FAE04EC0-301F-11D3-BF4B-00C04F79EFBC}") = "Interface_IQueryable", "Interface_IQueryable\Interface_IQueryable.csproj", "{B3BE3E17-8A40-44DF-B291-D70408A59962}"
EndProject
Project("{FAE04EC0-301F-11D3-BF4B-00C04F79EFBC}") = "LINQToXML", "LINQToXML\LINQToXML.csproj", "{519BA89A-8755-4D84-BEA7-4DAE0BB5E4AE}"
EndProject
Project("{FAE04EC0-301F-11D3-BF4B-00C04F79EFBC}") = "ImportExtensionDllProject", "ImportExtensionDllProject\ImportExtensionDllProject.csproj", "{CDFA78E8-A9D8-4F51-B8E7-9CF42984EE61}"
EndProject
Project("{FAE04EC0-301F-11D3-BF4B-00C04F79EFBC}") = "ImageProcessingProjects", "ImageProcessingProjects\ImageProcessingProjects.csproj", "{A970D4E1-9554-4EFA-9104-A15A0BD9DFCE}"
EndProject
Project("{FAE04EC0-301F-11D3-BF4B-00C04F79EFBC}") = "CacheHelper", "CacheHelper\CacheHelper.csproj", "{C3B7D98E-775F-4491-83B1-0F9F5DCF9079}"
EndProject
Project("{FAE04EC0-301F-11D3-BF4B-00C04F79EFBC}") = "ILProjects", "ILProjects\ILProjects.csproj", "{8BA5ABD0-1B9E-45DA-AB77-D2E080150381}"
EndProject
Project("{FAE04EC0-301F-11D3-BF4B-00C04F79EFBC}") = "Thread_SynchronizationContext", "Thread_SynchronizationContext\Thread_SynchronizationContext.csproj", "{FC14585E-B949-429B-84E4-457A7BA22A4F}"
EndProject
Project("{FAE04EC0-301F-11D3-BF4B-00C04F79EFBC}") = "Thread_Semaphore", "Thread_Semaphore\Thread_Semaphore.csproj", "{D324F54F-B64F-42E0-AD48-4D2C7EB520A6}"
EndProject
Project("{FAE04EC0-301F-11D3-BF4B-00C04F79EFBC}") = "Task_AwaitAsync", "Task_AwaitAsync\Task_AwaitAsync.csproj", "{ACE7BFB2-31FA-4BB2-9206-456217BEDF9E}"
EndProject
Project("{FAE04EC0-301F-11D3-BF4B-00C04F79EFBC}") = "Thread_IAsyncResult", "Thread_IAsyncResult\Thread_IAsyncResult.csproj", "{F53CDF38-5DC0-4C15-994E-A5DE25945927}"
EndProject
Project("{FAE04EC0-301F-11D3-BF4B-00C04F79EFBC}") = "Thread_Mutex", "Thread_Mutex\Thread_Mutex.csproj", "{49CBF155-2170-4F25-992F-0687B30B3E41}"
EndProject
Project("{FAE04EC0-301F-11D3-BF4B-00C04F79EFBC}") = "Thread_AsyncLocal", "Thread_AsyncLocal\Thread_AsyncLocal.csproj", "{AD3F7BFA-9D53-4C52-A062-F363E5D44AF9}"
EndProject
Global
	GlobalSection(SolutionConfigurationPlatforms) = preSolution
		Debug|Any CPU = Debug|Any CPU
		Release|Any CPU = Release|Any CPU
	EndGlobalSection
	GlobalSection(ProjectConfigurationPlatforms) = postSolution
		{24C4A8AA-D33F-4515-B4B2-427A0C738D0E}.Debug|Any CPU.ActiveCfg = Debug|Any CPU
		{24C4A8AA-D33F-4515-B4B2-427A0C738D0E}.Debug|Any CPU.Build.0 = Debug|Any CPU
		{24C4A8AA-D33F-4515-B4B2-427A0C738D0E}.Release|Any CPU.ActiveCfg = Release|Any CPU
		{24C4A8AA-D33F-4515-B4B2-427A0C738D0E}.Release|Any CPU.Build.0 = Release|Any CPU
		{D2F9C971-8A1D-437D-BA78-18E37A01F3A2}.Debug|Any CPU.ActiveCfg = Debug|Any CPU
		{D2F9C971-8A1D-437D-BA78-18E37A01F3A2}.Debug|Any CPU.Build.0 = Debug|Any CPU
		{D2F9C971-8A1D-437D-BA78-18E37A01F3A2}.Release|Any CPU.ActiveCfg = Release|Any CPU
		{D2F9C971-8A1D-437D-BA78-18E37A01F3A2}.Release|Any CPU.Build.0 = Release|Any CPU
		{0BF06B58-6F46-4CC8-855A-E774EDE02502}.Debug|Any CPU.ActiveCfg = Debug|Any CPU
		{0BF06B58-6F46-4CC8-855A-E774EDE02502}.Debug|Any CPU.Build.0 = Debug|Any CPU
		{0BF06B58-6F46-4CC8-855A-E774EDE02502}.Release|Any CPU.ActiveCfg = Release|Any CPU
		{0BF06B58-6F46-4CC8-855A-E774EDE02502}.Release|Any CPU.Build.0 = Release|Any CPU
		{0300BA11-820F-4FBA-8A3C-12A25196294E}.Debug|Any CPU.ActiveCfg = Debug|Any CPU
		{0300BA11-820F-4FBA-8A3C-12A25196294E}.Debug|Any CPU.Build.0 = Debug|Any CPU
		{0300BA11-820F-4FBA-8A3C-12A25196294E}.Release|Any CPU.ActiveCfg = Release|Any CPU
		{0300BA11-820F-4FBA-8A3C-12A25196294E}.Release|Any CPU.Build.0 = Release|Any CPU
		{F0C6F221-0D85-4C81-856E-E9E421B9B3A5}.Debug|Any CPU.ActiveCfg = Debug|Any CPU
		{F0C6F221-0D85-4C81-856E-E9E421B9B3A5}.Debug|Any CPU.Build.0 = Debug|Any CPU
		{F0C6F221-0D85-4C81-856E-E9E421B9B3A5}.Release|Any CPU.ActiveCfg = Release|Any CPU
		{F0C6F221-0D85-4C81-856E-E9E421B9B3A5}.Release|Any CPU.Build.0 = Release|Any CPU
		{8BD57D18-8FDB-4E89-B9BD-E800275D7A35}.Debug|Any CPU.ActiveCfg = Debug|Any CPU
		{8BD57D18-8FDB-4E89-B9BD-E800275D7A35}.Debug|Any CPU.Build.0 = Debug|Any CPU
		{8BD57D18-8FDB-4E89-B9BD-E800275D7A35}.Release|Any CPU.ActiveCfg = Release|Any CPU
		{8BD57D18-8FDB-4E89-B9BD-E800275D7A35}.Release|Any CPU.Build.0 = Release|Any CPU
		{5B4A8E13-46DE-424F-BB8C-7E9BD326CD21}.Debug|Any CPU.ActiveCfg = Debug|Any CPU
		{5B4A8E13-46DE-424F-BB8C-7E9BD326CD21}.Debug|Any CPU.Build.0 = Debug|Any CPU
		{5B4A8E13-46DE-424F-BB8C-7E9BD326CD21}.Release|Any CPU.ActiveCfg = Release|Any CPU
		{5B4A8E13-46DE-424F-BB8C-7E9BD326CD21}.Release|Any CPU.Build.0 = Release|Any CPU
		{B3BE3E17-8A40-44DF-B291-D70408A59962}.Debug|Any CPU.ActiveCfg = Debug|Any CPU
		{B3BE3E17-8A40-44DF-B291-D70408A59962}.Debug|Any CPU.Build.0 = Debug|Any CPU
		{B3BE3E17-8A40-44DF-B291-D70408A59962}.Release|Any CPU.ActiveCfg = Release|Any CPU
		{B3BE3E17-8A40-44DF-B291-D70408A59962}.Release|Any CPU.Build.0 = Release|Any CPU
		{519BA89A-8755-4D84-BEA7-4DAE0BB5E4AE}.Debug|Any CPU.ActiveCfg = Debug|Any CPU
		{519BA89A-8755-4D84-BEA7-4DAE0BB5E4AE}.Debug|Any CPU.Build.0 = Debug|Any CPU
		{519BA89A-8755-4D84-BEA7-4DAE0BB5E4AE}.Release|Any CPU.ActiveCfg = Release|Any CPU
		{519BA89A-8755-4D84-BEA7-4DAE0BB5E4AE}.Release|Any CPU.Build.0 = Release|Any CPU
		{CDFA78E8-A9D8-4F51-B8E7-9CF42984EE61}.Debug|Any CPU.ActiveCfg = Debug|Any CPU
		{CDFA78E8-A9D8-4F51-B8E7-9CF42984EE61}.Debug|Any CPU.Build.0 = Debug|Any CPU
		{CDFA78E8-A9D8-4F51-B8E7-9CF42984EE61}.Release|Any CPU.ActiveCfg = Release|Any CPU
		{CDFA78E8-A9D8-4F51-B8E7-9CF42984EE61}.Release|Any CPU.Build.0 = Release|Any CPU
		{A970D4E1-9554-4EFA-9104-A15A0BD9DFCE}.Debug|Any CPU.ActiveCfg = Debug|Any CPU
		{A970D4E1-9554-4EFA-9104-A15A0BD9DFCE}.Debug|Any CPU.Build.0 = Debug|Any CPU
		{A970D4E1-9554-4EFA-9104-A15A0BD9DFCE}.Release|Any CPU.ActiveCfg = Release|Any CPU
		{A970D4E1-9554-4EFA-9104-A15A0BD9DFCE}.Release|Any CPU.Build.0 = Release|Any CPU
		{C3B7D98E-775F-4491-83B1-0F9F5DCF9079}.Debug|Any CPU.ActiveCfg = Debug|Any CPU
		{C3B7D98E-775F-4491-83B1-0F9F5DCF9079}.Debug|Any CPU.Build.0 = Debug|Any CPU
		{C3B7D98E-775F-4491-83B1-0F9F5DCF9079}.Release|Any CPU.ActiveCfg = Release|Any CPU
		{C3B7D98E-775F-4491-83B1-0F9F5DCF9079}.Release|Any CPU.Build.0 = Release|Any CPU
		{8BA5ABD0-1B9E-45DA-AB77-D2E080150381}.Debug|Any CPU.ActiveCfg = Debug|Any CPU
		{8BA5ABD0-1B9E-45DA-AB77-D2E080150381}.Debug|Any CPU.Build.0 = Debug|Any CPU
		{8BA5ABD0-1B9E-45DA-AB77-D2E080150381}.Release|Any CPU.ActiveCfg = Release|Any CPU
		{8BA5ABD0-1B9E-45DA-AB77-D2E080150381}.Release|Any CPU.Build.0 = Release|Any CPU
		{FC14585E-B949-429B-84E4-457A7BA22A4F}.Debug|Any CPU.ActiveCfg = Debug|Any CPU
		{FC14585E-B949-429B-84E4-457A7BA22A4F}.Debug|Any CPU.Build.0 = Debug|Any CPU
		{FC14585E-B949-429B-84E4-457A7BA22A4F}.Release|Any CPU.ActiveCfg = Release|Any CPU
		{FC14585E-B949-429B-84E4-457A7BA22A4F}.Release|Any CPU.Build.0 = Release|Any CPU
		{D324F54F-B64F-42E0-AD48-4D2C7EB520A6}.Debug|Any CPU.ActiveCfg = Debug|Any CPU
		{D324F54F-B64F-42E0-AD48-4D2C7EB520A6}.Debug|Any CPU.Build.0 = Debug|Any CPU
		{D324F54F-B64F-42E0-AD48-4D2C7EB520A6}.Release|Any CPU.ActiveCfg = Release|Any CPU
		{D324F54F-B64F-42E0-AD48-4D2C7EB520A6}.Release|Any CPU.Build.0 = Release|Any CPU
		{ACE7BFB2-31FA-4BB2-9206-456217BEDF9E}.Debug|Any CPU.ActiveCfg = Debug|Any CPU
		{ACE7BFB2-31FA-4BB2-9206-456217BEDF9E}.Debug|Any CPU.Build.0 = Debug|Any CPU
		{ACE7BFB2-31FA-4BB2-9206-456217BEDF9E}.Release|Any CPU.ActiveCfg = Release|Any CPU
		{ACE7BFB2-31FA-4BB2-9206-456217BEDF9E}.Release|Any CPU.Build.0 = Release|Any CPU
		{F53CDF38-5DC0-4C15-994E-A5DE25945927}.Debug|Any CPU.ActiveCfg = Debug|Any CPU
		{F53CDF38-5DC0-4C15-994E-A5DE25945927}.Debug|Any CPU.Build.0 = Debug|Any CPU
		{F53CDF38-5DC0-4C15-994E-A5DE25945927}.Release|Any CPU.ActiveCfg = Release|Any CPU
		{F53CDF38-5DC0-4C15-994E-A5DE25945927}.Release|Any CPU.Build.0 = Release|Any CPU
		{49CBF155-2170-4F25-992F-0687B30B3E41}.Debug|Any CPU.ActiveCfg = Debug|Any CPU
		{49CBF155-2170-4F25-992F-0687B30B3E41}.Debug|Any CPU.Build.0 = Debug|Any CPU
		{49CBF155-2170-4F25-992F-0687B30B3E41}.Release|Any CPU.ActiveCfg = Release|Any CPU
		{49CBF155-2170-4F25-992F-0687B30B3E41}.Release|Any CPU.Build.0 = Release|Any CPU
		{AD3F7BFA-9D53-4C52-A062-F363E5D44AF9}.Debug|Any CPU.ActiveCfg = Debug|Any CPU
		{AD3F7BFA-9D53-4C52-A062-F363E5D44AF9}.Debug|Any CPU.Build.0 = Debug|Any CPU
		{AD3F7BFA-9D53-4C52-A062-F363E5D44AF9}.Release|Any CPU.ActiveCfg = Release|Any CPU
		{AD3F7BFA-9D53-4C52-A062-F363E5D44AF9}.Release|Any CPU.Build.0 = Release|Any CPU
	EndGlobalSection
	GlobalSection(SolutionProperties) = preSolution
		HideSolutionNode = FALSE
	EndGlobalSection
	GlobalSection(ExtensibilityGlobals) = postSolution
		SolutionGuid = {1266C73F-F818-45B0-B11B-85B02DF16AAD}
	EndGlobalSection
EndGlobal
