
Microsoft Visual Studio Solution File, Format Version 12.00
# Visual Studio Version 16
VisualStudioVersion = 16.0.30011.22
MinimumVisualStudioVersion = 10.0.40219.1
Project("{FAE04EC0-301F-11D3-BF4B-00C04F79EFBC}") = "ConsoleApp", "ConsoleApp\ConsoleApp.csproj", "{B6BBA61A-8B60-49C2-82D8-CE2728B44D54}"
EndProject
Project("{FAE04EC0-301F-11D3-BF4B-00C04F79EFBC}") = "ExcelToPdf", "ExcelToPdf\ExcelToPdf.csproj", "{1C0A959E-87EB-4752-9682-E90F7C53CDB8}"
EndProject
Project("{FAE04EC0-301F-11D3-BF4B-00C04F79EFBC}") = "WPSProject", "WPSProject\WPSProject.csproj", "{FF1CCD50-0CFF-4D33-B0B5-E97C313B1CDA}"
EndProject
Project("{FAE04EC0-301F-11D3-BF4B-00C04F79EFBC}") = "ITextSharps", "ITextSharps\ITextSharps.csproj", "{787379AB-194A-43FE-9A0B-BE62C1F6C7C6}"
EndProject
Global
	GlobalSection(SolutionConfigurationPlatforms) = preSolution
		Debug|Any CPU = Debug|Any CPU
		Release|Any CPU = Release|Any CPU
	EndGlobalSection
	GlobalSection(ProjectConfigurationPlatforms) = postSolution
		{B6BBA61A-8B60-49C2-82D8-CE2728B44D54}.Debug|Any CPU.ActiveCfg = Debug|Any CPU
		{B6BBA61A-8B60-49C2-82D8-CE2728B44D54}.Debug|Any CPU.Build.0 = Debug|Any CPU
		{B6BBA61A-8B60-49C2-82D8-CE2728B44D54}.Release|Any CPU.ActiveCfg = Release|Any CPU
		{B6BBA61A-8B60-49C2-82D8-CE2728B44D54}.Release|Any CPU.Build.0 = Release|Any CPU
		{1C0A959E-87EB-4752-9682-E90F7C53CDB8}.Debug|Any CPU.ActiveCfg = Debug|Any CPU
		{1C0A959E-87EB-4752-9682-E90F7C53CDB8}.Debug|Any CPU.Build.0 = Debug|Any CPU
		{1C0A959E-87EB-4752-9682-E90F7C53CDB8}.Release|Any CPU.ActiveCfg = Release|Any CPU
		{1C0A959E-87EB-4752-9682-E90F7C53CDB8}.Release|Any CPU.Build.0 = Release|Any CPU
		{FF1CCD50-0CFF-4D33-B0B5-E97C313B1CDA}.Debug|Any CPU.ActiveCfg = Debug|Any CPU
		{FF1CCD50-0CFF-4D33-B0B5-E97C313B1CDA}.Debug|Any CPU.Build.0 = Debug|Any CPU
		{FF1CCD50-0CFF-4D33-B0B5-E97C313B1CDA}.Release|Any CPU.ActiveCfg = Release|Any CPU
		{FF1CCD50-0CFF-4D33-B0B5-E97C313B1CDA}.Release|Any CPU.Build.0 = Release|Any CPU
		{787379AB-194A-43FE-9A0B-BE62C1F6C7C6}.Debug|Any CPU.ActiveCfg = Debug|Any CPU
		{787379AB-194A-43FE-9A0B-BE62C1F6C7C6}.Debug|Any CPU.Build.0 = Debug|Any CPU
		{787379AB-194A-43FE-9A0B-BE62C1F6C7C6}.Release|Any CPU.ActiveCfg = Release|Any CPU
		{787379AB-194A-43FE-9A0B-BE62C1F6C7C6}.Release|Any CPU.Build.0 = Release|Any CPU
	EndGlobalSection
	GlobalSection(SolutionProperties) = preSolution
		HideSolutionNode = FALSE
	EndGlobalSection
	GlobalSection(ExtensibilityGlobals) = postSolution
		SolutionGuid = {0B29B14A-E9C7-438B-AE30-8AFB54DB374F}
	EndGlobalSection
EndGlobal
