
Microsoft Visual Studio Solution File, Format Version 12.00
# Visual Studio Version 16
VisualStudioVersion = 16.0.30011.22
MinimumVisualStudioVersion = 10.0.40219.1
Project("{FAE04EC0-301F-11D3-BF4B-00C04F79EFBC}") = "WebBrowserProject", "WebBrowserProject\WebBrowserProject.csproj", "{64779449-B2A7-4BC2-9797-AE0C4D6B217B}"
EndProject
Global
	GlobalSection(SolutionConfigurationPlatforms) = preSolution
		Debug|Any CPU = Debug|Any CPU
		Release|Any CPU = Release|Any CPU
	EndGlobalSection
	GlobalSection(ProjectConfigurationPlatforms) = postSolution
		{64779449-B2A7-4BC2-9797-AE0C4D6B217B}.Debug|Any CPU.ActiveCfg = Debug|Any CPU
		{64779449-B2A7-4BC2-9797-AE0C4D6B217B}.Debug|Any CPU.Build.0 = Debug|Any CPU
		{64779449-B2A7-4BC2-9797-AE0C4D6B217B}.Release|Any CPU.ActiveCfg = Release|Any CPU
		{64779449-B2A7-4BC2-9797-AE0C4D6B217B}.Release|Any CPU.Build.0 = Release|Any CPU
	EndGlobalSection
	GlobalSection(SolutionProperties) = preSolution
		HideSolutionNode = FALSE
	EndGlobalSection
	GlobalSection(ExtensibilityGlobals) = postSolution
		SolutionGuid = {ACD0EB71-44B5-4CBF-83AA-59231731D8B3}
	EndGlobalSection
EndGlobal
