
Microsoft Visual Studio Solution File, Format Version 12.00
# Visual Studio Version 16
VisualStudioVersion = 16.0.30011.22
MinimumVisualStudioVersion = 10.0.40219.1
Project("{FAE04EC0-301F-11D3-BF4B-00C04F79EFBC}") = "ConsoleApp", "ConsoleApp\ConsoleApp.csproj", "{88A25A69-B586-4089-B1E5-E7988B0A3CFF}"
EndProject
Project("{FAE04EC0-301F-11D3-BF4B-00C04F79EFBC}") = "EntityFramework", "EntityFramework\EntityFramework.csproj", "{EE2E3514-C156-4874-A26B-83C835AAC467}"
EndProject
Project("{FAE04EC0-301F-11D3-BF4B-00C04F79EFBC}") = "SQLite", "ReadSqlite\SQLite.csproj", "{CB16E01C-48D6-42CF-A50B-5B973C8B6B7D}"
EndProject
Project("{FAE04EC0-301F-11D3-BF4B-00C04F79EFBC}") = "Dappers", "Dappers\Dappers.csproj", "{AC03F987-E8CC-4171-B5E8-332784C76C3A}"
EndProject
Project("{FAE04EC0-301F-11D3-BF4B-00C04F79EFBC}") = "IQToolkits", "IQToolkits\IQToolkits.csproj", "{8CA65DB5-A6FD-4080-A8C1-DDC254A37FFF}"
EndProject
Project("{FAE04EC0-301F-11D3-BF4B-00C04F79EFBC}") = "ADO.NETs", "ADO.NETs\ADO.NETs.csproj", "{BB55785F-16E1-455B-BAED-3B55F6BCE8E7}"
EndProject
Project("{FAE04EC0-301F-11D3-BF4B-00C04F79EFBC}") = "Dappers_20201019", "Dappers_20201019\Dappers_20201019.csproj", "{0FB63F78-45A7-4EBF-B1DA-DADE441E2C6E}"
EndProject
Project("{FAE04EC0-301F-11D3-BF4B-00C04F79EFBC}") = "Dappers_20210508", "Dapper_20210508\Dappers_20210508.csproj", "{C069BE8C-C142-4E06-86E2-B9E20658D6D6}"
EndProject
Project("{FAE04EC0-301F-11D3-BF4B-00C04F79EFBC}") = "SQLiteCore", "SQLiteCore\SQLiteCore.csproj", "{D1C42235-845E-4FD3-88E5-577C7B7DDC44}"
EndProject
Global
	GlobalSection(SolutionConfigurationPlatforms) = preSolution
		Debug|Any CPU = Debug|Any CPU
		Release|Any CPU = Release|Any CPU
	EndGlobalSection
	GlobalSection(ProjectConfigurationPlatforms) = postSolution
		{88A25A69-B586-4089-B1E5-E7988B0A3CFF}.Debug|Any CPU.ActiveCfg = Debug|Any CPU
		{88A25A69-B586-4089-B1E5-E7988B0A3CFF}.Debug|Any CPU.Build.0 = Debug|Any CPU
		{88A25A69-B586-4089-B1E5-E7988B0A3CFF}.Release|Any CPU.ActiveCfg = Release|Any CPU
		{88A25A69-B586-4089-B1E5-E7988B0A3CFF}.Release|Any CPU.Build.0 = Release|Any CPU
		{EE2E3514-C156-4874-A26B-83C835AAC467}.Debug|Any CPU.ActiveCfg = Debug|Any CPU
		{EE2E3514-C156-4874-A26B-83C835AAC467}.Debug|Any CPU.Build.0 = Debug|Any CPU
		{EE2E3514-C156-4874-A26B-83C835AAC467}.Release|Any CPU.ActiveCfg = Release|Any CPU
		{EE2E3514-C156-4874-A26B-83C835AAC467}.Release|Any CPU.Build.0 = Release|Any CPU
		{CB16E01C-48D6-42CF-A50B-5B973C8B6B7D}.Debug|Any CPU.ActiveCfg = Debug|Any CPU
		{CB16E01C-48D6-42CF-A50B-5B973C8B6B7D}.Debug|Any CPU.Build.0 = Debug|Any CPU
		{CB16E01C-48D6-42CF-A50B-5B973C8B6B7D}.Release|Any CPU.ActiveCfg = Release|Any CPU
		{CB16E01C-48D6-42CF-A50B-5B973C8B6B7D}.Release|Any CPU.Build.0 = Release|Any CPU
		{AC03F987-E8CC-4171-B5E8-332784C76C3A}.Debug|Any CPU.ActiveCfg = Debug|Any CPU
		{AC03F987-E8CC-4171-B5E8-332784C76C3A}.Debug|Any CPU.Build.0 = Debug|Any CPU
		{AC03F987-E8CC-4171-B5E8-332784C76C3A}.Release|Any CPU.ActiveCfg = Release|Any CPU
		{AC03F987-E8CC-4171-B5E8-332784C76C3A}.Release|Any CPU.Build.0 = Release|Any CPU
		{8CA65DB5-A6FD-4080-A8C1-DDC254A37FFF}.Debug|Any CPU.ActiveCfg = Debug|Any CPU
		{8CA65DB5-A6FD-4080-A8C1-DDC254A37FFF}.Debug|Any CPU.Build.0 = Debug|Any CPU
		{8CA65DB5-A6FD-4080-A8C1-DDC254A37FFF}.Release|Any CPU.ActiveCfg = Release|Any CPU
		{8CA65DB5-A6FD-4080-A8C1-DDC254A37FFF}.Release|Any CPU.Build.0 = Release|Any CPU
		{BB55785F-16E1-455B-BAED-3B55F6BCE8E7}.Debug|Any CPU.ActiveCfg = Debug|Any CPU
		{BB55785F-16E1-455B-BAED-3B55F6BCE8E7}.Debug|Any CPU.Build.0 = Debug|Any CPU
		{BB55785F-16E1-455B-BAED-3B55F6BCE8E7}.Release|Any CPU.ActiveCfg = Release|Any CPU
		{BB55785F-16E1-455B-BAED-3B55F6BCE8E7}.Release|Any CPU.Build.0 = Release|Any CPU
		{0FB63F78-45A7-4EBF-B1DA-DADE441E2C6E}.Debug|Any CPU.ActiveCfg = Debug|Any CPU
		{0FB63F78-45A7-4EBF-B1DA-DADE441E2C6E}.Debug|Any CPU.Build.0 = Debug|Any CPU
		{0FB63F78-45A7-4EBF-B1DA-DADE441E2C6E}.Release|Any CPU.ActiveCfg = Release|Any CPU
		{0FB63F78-45A7-4EBF-B1DA-DADE441E2C6E}.Release|Any CPU.Build.0 = Release|Any CPU
		{C069BE8C-C142-4E06-86E2-B9E20658D6D6}.Debug|Any CPU.ActiveCfg = Debug|Any CPU
		{C069BE8C-C142-4E06-86E2-B9E20658D6D6}.Debug|Any CPU.Build.0 = Debug|Any CPU
		{C069BE8C-C142-4E06-86E2-B9E20658D6D6}.Release|Any CPU.ActiveCfg = Release|Any CPU
		{C069BE8C-C142-4E06-86E2-B9E20658D6D6}.Release|Any CPU.Build.0 = Release|Any CPU
		{D1C42235-845E-4FD3-88E5-577C7B7DDC44}.Debug|Any CPU.ActiveCfg = Debug|Any CPU
		{D1C42235-845E-4FD3-88E5-577C7B7DDC44}.Debug|Any CPU.Build.0 = Debug|Any CPU
		{D1C42235-845E-4FD3-88E5-577C7B7DDC44}.Release|Any CPU.ActiveCfg = Release|Any CPU
		{D1C42235-845E-4FD3-88E5-577C7B7DDC44}.Release|Any CPU.Build.0 = Release|Any CPU
	EndGlobalSection
	GlobalSection(SolutionProperties) = preSolution
		HideSolutionNode = FALSE
	EndGlobalSection
	GlobalSection(ExtensibilityGlobals) = postSolution
		SolutionGuid = {94FA2ADC-E71D-44C2-B691-FB2D234318DF}
	EndGlobalSection
EndGlobal
