
Microsoft Visual Studio Solution File, Format Version 12.00
# Visual Studio Version 16
VisualStudioVersion = 16.0.30011.22
MinimumVisualStudioVersion = 10.0.40219.1
Project("{FAE04EC0-301F-11D3-BF4B-00C04F79EFBC}") = "ConsoleApp", "ConsoleApp\ConsoleApp.csproj", "{C47DA6B8-14BF-4998-B8C2-80F894013CC5}"
EndProject
Project("{FAE04EC0-301F-11D3-BF4B-00C04F79EFBC}") = "CURD", "CURD\CURD.csproj", "{83504D00-298D-4428-A971-883A6513D558}"
EndProject
Global
	GlobalSection(SolutionConfigurationPlatforms) = preSolution
		Debug|Any CPU = Debug|Any CPU
		Release|Any CPU = Release|Any CPU
	EndGlobalSection
	GlobalSection(ProjectConfigurationPlatforms) = postSolution
		{C47DA6B8-14BF-4998-B8C2-80F894013CC5}.Debug|Any CPU.ActiveCfg = Debug|Any CPU
		{C47DA6B8-14BF-4998-B8C2-80F894013CC5}.Debug|Any CPU.Build.0 = Debug|Any CPU
		{C47DA6B8-14BF-4998-B8C2-80F894013CC5}.Release|Any CPU.ActiveCfg = Release|Any CPU
		{C47DA6B8-14BF-4998-B8C2-80F894013CC5}.Release|Any CPU.Build.0 = Release|Any CPU
		{83504D00-298D-4428-A971-883A6513D558}.Debug|Any CPU.ActiveCfg = Debug|Any CPU
		{83504D00-298D-4428-A971-883A6513D558}.Debug|Any CPU.Build.0 = Debug|Any CPU
		{83504D00-298D-4428-A971-883A6513D558}.Release|Any CPU.ActiveCfg = Release|Any CPU
		{83504D00-298D-4428-A971-883A6513D558}.Release|Any CPU.Build.0 = Release|Any CPU
	EndGlobalSection
	GlobalSection(SolutionProperties) = preSolution
		HideSolutionNode = FALSE
	EndGlobalSection
	GlobalSection(ExtensibilityGlobals) = postSolution
		SolutionGuid = {6F033BDA-A4A2-4C99-9D3F-7F83BC250BE9}
	EndGlobalSection
EndGlobal
