
Microsoft Visual Studio Solution File, Format Version 12.00
# Visual Studio Version 16
VisualStudioVersion = 16.0.30011.22
MinimumVisualStudioVersion = 10.0.40219.1
Project("{FAE04EC0-301F-11D3-BF4B-00C04F79EFBC}") = "ConsoleApp", "ConsoleApp\ConsoleApp.csproj", "{D32227CE-247D-4BC8-9E21-19E0C51B09DF}"
EndProject
Project("{FAE04EC0-301F-11D3-BF4B-00C04F79EFBC}") = "ReadExcelAbove2007", "ReadExcelAbove2007\ReadExcelAbove2007.csproj", "{6CF83713-AD45-43BF-BCE9-553415784D44}"
EndProject
Project("{FAE04EC0-301F-11D3-BF4B-00C04F79EFBC}") = "ReadExcelBelow2007", "ReadExcelBelow2007\ReadExcelBelow2007.csproj", "{85716553-67E7-4D50-B4B7-0A8F6FE4A683}"
EndProject
Project("{FAE04EC0-301F-11D3-BF4B-00C04F79EFBC}") = "ReadAccessDatabase", "ReadAccessDatabase\ReadAccessDatabase.csproj", "{3BE2D726-D69E-4DA6-9047-C95E1F32F3DE}"
EndProject
Global
	GlobalSection(SolutionConfigurationPlatforms) = preSolution
		Debug|Any CPU = Debug|Any CPU
		Debug|x64 = Debug|x64
		Debug|x86 = Debug|x86
		Release|Any CPU = Release|Any CPU
		Release|x64 = Release|x64
		Release|x86 = Release|x86
	EndGlobalSection
	GlobalSection(ProjectConfigurationPlatforms) = postSolution
		{D32227CE-247D-4BC8-9E21-19E0C51B09DF}.Debug|Any CPU.ActiveCfg = Debug|Any CPU
		{D32227CE-247D-4BC8-9E21-19E0C51B09DF}.Debug|Any CPU.Build.0 = Debug|Any CPU
		{D32227CE-247D-4BC8-9E21-19E0C51B09DF}.Debug|x64.ActiveCfg = Debug|Any CPU
		{D32227CE-247D-4BC8-9E21-19E0C51B09DF}.Debug|x64.Build.0 = Debug|Any CPU
		{D32227CE-247D-4BC8-9E21-19E0C51B09DF}.Debug|x86.ActiveCfg = Debug|Any CPU
		{D32227CE-247D-4BC8-9E21-19E0C51B09DF}.Debug|x86.Build.0 = Debug|Any CPU
		{D32227CE-247D-4BC8-9E21-19E0C51B09DF}.Release|Any CPU.ActiveCfg = Release|Any CPU
		{D32227CE-247D-4BC8-9E21-19E0C51B09DF}.Release|Any CPU.Build.0 = Release|Any CPU
		{D32227CE-247D-4BC8-9E21-19E0C51B09DF}.Release|x64.ActiveCfg = Release|Any CPU
		{D32227CE-247D-4BC8-9E21-19E0C51B09DF}.Release|x64.Build.0 = Release|Any CPU
		{D32227CE-247D-4BC8-9E21-19E0C51B09DF}.Release|x86.ActiveCfg = Release|Any CPU
		{D32227CE-247D-4BC8-9E21-19E0C51B09DF}.Release|x86.Build.0 = Release|Any CPU
		{6CF83713-AD45-43BF-BCE9-553415784D44}.Debug|Any CPU.ActiveCfg = Debug|Any CPU
		{6CF83713-AD45-43BF-BCE9-553415784D44}.Debug|Any CPU.Build.0 = Debug|Any CPU
		{6CF83713-AD45-43BF-BCE9-553415784D44}.Debug|x64.ActiveCfg = Debug|Any CPU
		{6CF83713-AD45-43BF-BCE9-553415784D44}.Debug|x64.Build.0 = Debug|Any CPU
		{6CF83713-AD45-43BF-BCE9-553415784D44}.Debug|x86.ActiveCfg = Debug|Any CPU
		{6CF83713-AD45-43BF-BCE9-553415784D44}.Debug|x86.Build.0 = Debug|Any CPU
		{6CF83713-AD45-43BF-BCE9-553415784D44}.Release|Any CPU.ActiveCfg = Release|Any CPU
		{6CF83713-AD45-43BF-BCE9-553415784D44}.Release|Any CPU.Build.0 = Release|Any CPU
		{6CF83713-AD45-43BF-BCE9-553415784D44}.Release|x64.ActiveCfg = Release|Any CPU
		{6CF83713-AD45-43BF-BCE9-553415784D44}.Release|x64.Build.0 = Release|Any CPU
		{6CF83713-AD45-43BF-BCE9-553415784D44}.Release|x86.ActiveCfg = Release|Any CPU
		{6CF83713-AD45-43BF-BCE9-553415784D44}.Release|x86.Build.0 = Release|Any CPU
		{85716553-67E7-4D50-B4B7-0A8F6FE4A683}.Debug|Any CPU.ActiveCfg = Debug|Any CPU
		{85716553-67E7-4D50-B4B7-0A8F6FE4A683}.Debug|Any CPU.Build.0 = Debug|Any CPU
		{85716553-67E7-4D50-B4B7-0A8F6FE4A683}.Debug|x64.ActiveCfg = Debug|Any CPU
		{85716553-67E7-4D50-B4B7-0A8F6FE4A683}.Debug|x64.Build.0 = Debug|Any CPU
		{85716553-67E7-4D50-B4B7-0A8F6FE4A683}.Debug|x86.ActiveCfg = Debug|Any CPU
		{85716553-67E7-4D50-B4B7-0A8F6FE4A683}.Debug|x86.Build.0 = Debug|Any CPU
		{85716553-67E7-4D50-B4B7-0A8F6FE4A683}.Release|Any CPU.ActiveCfg = Release|Any CPU
		{85716553-67E7-4D50-B4B7-0A8F6FE4A683}.Release|Any CPU.Build.0 = Release|Any CPU
		{85716553-67E7-4D50-B4B7-0A8F6FE4A683}.Release|x64.ActiveCfg = Release|Any CPU
		{85716553-67E7-4D50-B4B7-0A8F6FE4A683}.Release|x64.Build.0 = Release|Any CPU
		{85716553-67E7-4D50-B4B7-0A8F6FE4A683}.Release|x86.ActiveCfg = Release|Any CPU
		{85716553-67E7-4D50-B4B7-0A8F6FE4A683}.Release|x86.Build.0 = Release|Any CPU
		{3BE2D726-D69E-4DA6-9047-C95E1F32F3DE}.Debug|Any CPU.ActiveCfg = Debug|Any CPU
		{3BE2D726-D69E-4DA6-9047-C95E1F32F3DE}.Debug|Any CPU.Build.0 = Debug|Any CPU
		{3BE2D726-D69E-4DA6-9047-C95E1F32F3DE}.Debug|x64.ActiveCfg = Debug|x64
		{3BE2D726-D69E-4DA6-9047-C95E1F32F3DE}.Debug|x64.Build.0 = Debug|x64
		{3BE2D726-D69E-4DA6-9047-C95E1F32F3DE}.Debug|x86.ActiveCfg = Debug|x86
		{3BE2D726-D69E-4DA6-9047-C95E1F32F3DE}.Debug|x86.Build.0 = Debug|x86
		{3BE2D726-D69E-4DA6-9047-C95E1F32F3DE}.Release|Any CPU.ActiveCfg = Release|Any CPU
		{3BE2D726-D69E-4DA6-9047-C95E1F32F3DE}.Release|Any CPU.Build.0 = Release|Any CPU
		{3BE2D726-D69E-4DA6-9047-C95E1F32F3DE}.Release|x64.ActiveCfg = Release|x64
		{3BE2D726-D69E-4DA6-9047-C95E1F32F3DE}.Release|x64.Build.0 = Release|x64
		{3BE2D726-D69E-4DA6-9047-C95E1F32F3DE}.Release|x86.ActiveCfg = Release|x86
		{3BE2D726-D69E-4DA6-9047-C95E1F32F3DE}.Release|x86.Build.0 = Release|x86
	EndGlobalSection
	GlobalSection(SolutionProperties) = preSolution
		HideSolutionNode = FALSE
	EndGlobalSection
	GlobalSection(ExtensibilityGlobals) = postSolution
		SolutionGuid = {8D55C353-B3BA-424E-9ECF-94C0DDB2038F}
	EndGlobalSection
EndGlobal
